
Microsoft Visual Studio Solution File, Format Version 10.00
# Visual Studio 2008
Project("{FAE04EC0-301F-11D3-BF4B-00C04F79EFBC}") = "Poker", "Poker\Poker.csproj", "{0FBB8976-F599-4631-8BDD-FF6917331181}"
EndProject
Project("{FAE04EC0-301F-11D3-BF4B-00C04F79EFBC}") = "Poker.UnitTests", "Poker.UnitTests\Poker.UnitTests.csproj", "{F0C3D705-362B-4A6A-9A0A-12D668DFE4FC}"
EndProject
Global
	GlobalSection(SolutionConfigurationPlatforms) = preSolution
		Debug|Any CPU = Debug|Any CPU
		Release|Any CPU = Release|Any CPU
	EndGlobalSection
	GlobalSection(ProjectConfigurationPlatforms) = postSolution
		{0FBB8976-F599-4631-8BDD-FF6917331181}.Debug|Any CPU.ActiveCfg = Debug|Any CPU
		{0FBB8976-F599-4631-8BDD-FF6917331181}.Debug|Any CPU.Build.0 = Debug|Any CPU
		{0FBB8976-F599-4631-8BDD-FF6917331181}.Release|Any CPU.ActiveCfg = Release|Any CPU
		{0FBB8976-F599-4631-8BDD-FF6917331181}.Release|Any CPU.Build.0 = Release|Any CPU
		{F0C3D705-362B-4A6A-9A0A-12D668DFE4FC}.Debug|Any CPU.ActiveCfg = Debug|Any CPU
		{F0C3D705-362B-4A6A-9A0A-12D668DFE4FC}.Debug|Any CPU.Build.0 = Debug|Any CPU
		{F0C3D705-362B-4A6A-9A0A-12D668DFE4FC}.Release|Any CPU.ActiveCfg = Release|Any CPU
		{F0C3D705-362B-4A6A-9A0A-12D668DFE4FC}.Release|Any CPU.Build.0 = Release|Any CPU
	EndGlobalSection
	GlobalSection(MonoDevelopProperties) = preSolution
		StartupItem = Poker\Poker.csproj
	EndGlobalSection
EndGlobal
